// !$*UTF8*$!
{
	archiveVersion = 1;
	classes = {
	};
	objectVersion = 55;
	objects = {

/* Begin PBXBuildFile section */
		4214C27727C6512C009F4001 /* README.md in Resources */ = {isa = PBXBuildFile; fileRef = 4214C27127C6512C009F4001 /* README.md */; };
		4214C27D27C651B7009F4001 /* Apollo in Frameworks */ = {isa = PBXBuildFile; productRef = 4214C27C27C651B7009F4001 /* Apollo */; };
		4214C27F27C651B7009F4001 /* ApolloWebSocket in Frameworks */ = {isa = PBXBuildFile; productRef = 4214C27E27C651B7009F4001 /* ApolloWebSocket */; };
		42321A3127C6573A00B1B6E7 /* schema.json in Resources */ = {isa = PBXBuildFile; fileRef = 42321A3027C6573A00B1B6E7 /* schema.json */; };
		424DB42727C3AF8A002BDDE7 /* WeatherAPPApp.swift in Sources */ = {isa = PBXBuildFile; fileRef = 424DB42627C3AF8A002BDDE7 /* WeatherAPPApp.swift */; };
		424DB42927C3AF8A002BDDE7 /* WeatherView.swift in Sources */ = {isa = PBXBuildFile; fileRef = 424DB42827C3AF8A002BDDE7 /* WeatherView.swift */; };
		424DB42B27C3AF8B002BDDE7 /* Assets.xcassets in Resources */ = {isa = PBXBuildFile; fileRef = 424DB42A27C3AF8B002BDDE7 /* Assets.xcassets */; };
		424DB42E27C3AF8B002BDDE7 /* Preview Assets.xcassets in Resources */ = {isa = PBXBuildFile; fileRef = 424DB42D27C3AF8B002BDDE7 /* Preview Assets.xcassets */; };
		424DB43827C3AF8C002BDDE7 /* WeatherAPPTests.swift in Sources */ = {isa = PBXBuildFile; fileRef = 424DB43727C3AF8C002BDDE7 /* WeatherAPPTests.swift */; };
		424DB44227C3AF8C002BDDE7 /* WeatherAPPUITests.swift in Sources */ = {isa = PBXBuildFile; fileRef = 424DB44127C3AF8C002BDDE7 /* WeatherAPPUITests.swift */; };
		424DB44427C3AF8C002BDDE7 /* WeatherAPPUITestsLaunchTests.swift in Sources */ = {isa = PBXBuildFile; fileRef = 424DB44327C3AF8C002BDDE7 /* WeatherAPPUITestsLaunchTests.swift */; };
		42540BC027C5060B00E4CC5A /* LocationViewModel.swift in Sources */ = {isa = PBXBuildFile; fileRef = 42540BBF27C5060B00E4CC5A /* LocationViewModel.swift */; };
		4287A73D27C65D0E0098B55E /* API.swift in Sources */ = {isa = PBXBuildFile; fileRef = 4287A73C27C65D0E0098B55E /* API.swift */; };
		4287A74027C65D9B0098B55E /* ApolloService.swift in Sources */ = {isa = PBXBuildFile; fileRef = 4287A73F27C65D9B0098B55E /* ApolloService.swift */; };
		4287A74327C671EF0098B55E /* Weather.swift in Sources */ = {isa = PBXBuildFile; fileRef = 4287A74227C671EF0098B55E /* Weather.swift */; };
/* End PBXBuildFile section */

/* Begin PBXContainerItemProxy section */
		424DB43427C3AF8C002BDDE7 /* PBXContainerItemProxy */ = {
			isa = PBXContainerItemProxy;
			containerPortal = 424DB41B27C3AF8A002BDDE7 /* Project object */;
			proxyType = 1;
			remoteGlobalIDString = 424DB42227C3AF8A002BDDE7;
			remoteInfo = WeatherAPP;
		};
		424DB43E27C3AF8C002BDDE7 /* PBXContainerItemProxy */ = {
			isa = PBXContainerItemProxy;
			containerPortal = 424DB41B27C3AF8A002BDDE7 /* Project object */;
			proxyType = 1;
			remoteGlobalIDString = 424DB42227C3AF8A002BDDE7;
			remoteInfo = WeatherAPP;
		};
/* End PBXContainerItemProxy section */

/* Begin PBXFileReference section */
		4214C27127C6512C009F4001 /* README.md */ = {isa = PBXFileReference; fileEncoding = 4; lastKnownFileType = net.daringfireball.markdown; name = README.md; path = ../README.md; sourceTree = "<group>"; };
		42321A3027C6573A00B1B6E7 /* schema.json */ = {isa = PBXFileReference; fileEncoding = 4; lastKnownFileType = text.json; path = schema.json; sourceTree = "<group>"; };
		42321A3327C6591B00B1B6E7 /* Weather.graphql */ = {isa = PBXFileReference; lastKnownFileType = text; path = Weather.graphql; sourceTree = "<group>"; };
		424DB42327C3AF8A002BDDE7 /* WeatherAPP.app */ = {isa = PBXFileReference; explicitFileType = wrapper.application; includeInIndex = 0; path = WeatherAPP.app; sourceTree = BUILT_PRODUCTS_DIR; };
		424DB42627C3AF8A002BDDE7 /* WeatherAPPApp.swift */ = {isa = PBXFileReference; lastKnownFileType = sourcecode.swift; path = WeatherAPPApp.swift; sourceTree = "<group>"; };
		424DB42827C3AF8A002BDDE7 /* WeatherView.swift */ = {isa = PBXFileReference; lastKnownFileType = sourcecode.swift; path = WeatherView.swift; sourceTree = "<group>"; };
		424DB42A27C3AF8B002BDDE7 /* Assets.xcassets */ = {isa = PBXFileReference; lastKnownFileType = folder.assetcatalog; path = Assets.xcassets; sourceTree = "<group>"; };
		424DB42D27C3AF8B002BDDE7 /* Preview Assets.xcassets */ = {isa = PBXFileReference; lastKnownFileType = folder.assetcatalog; path = "Preview Assets.xcassets"; sourceTree = "<group>"; };
		424DB43327C3AF8C002BDDE7 /* WeatherAPPTests.xctest */ = {isa = PBXFileReference; explicitFileType = wrapper.cfbundle; includeInIndex = 0; path = WeatherAPPTests.xctest; sourceTree = BUILT_PRODUCTS_DIR; };
		424DB43727C3AF8C002BDDE7 /* WeatherAPPTests.swift */ = {isa = PBXFileReference; lastKnownFileType = sourcecode.swift; path = WeatherAPPTests.swift; sourceTree = "<group>"; };
		424DB43D27C3AF8C002BDDE7 /* WeatherAPPUITests.xctest */ = {isa = PBXFileReference; explicitFileType = wrapper.cfbundle; includeInIndex = 0; path = WeatherAPPUITests.xctest; sourceTree = BUILT_PRODUCTS_DIR; };
		424DB44127C3AF8C002BDDE7 /* WeatherAPPUITests.swift */ = {isa = PBXFileReference; lastKnownFileType = sourcecode.swift; path = WeatherAPPUITests.swift; sourceTree = "<group>"; };
		424DB44327C3AF8C002BDDE7 /* WeatherAPPUITestsLaunchTests.swift */ = {isa = PBXFileReference; lastKnownFileType = sourcecode.swift; path = WeatherAPPUITestsLaunchTests.swift; sourceTree = "<group>"; };
		42540BBF27C5060B00E4CC5A /* LocationViewModel.swift */ = {isa = PBXFileReference; lastKnownFileType = sourcecode.swift; path = LocationViewModel.swift; sourceTree = "<group>"; };
		4287A73C27C65D0E0098B55E /* API.swift */ = {isa = PBXFileReference; fileEncoding = 4; lastKnownFileType = sourcecode.swift; path = API.swift; sourceTree = "<group>"; };
		4287A73F27C65D9B0098B55E /* ApolloService.swift */ = {isa = PBXFileReference; lastKnownFileType = sourcecode.swift; path = ApolloService.swift; sourceTree = "<group>"; };
		4287A74227C671EF0098B55E /* Weather.swift */ = {isa = PBXFileReference; lastKnownFileType = sourcecode.swift; path = Weather.swift; sourceTree = "<group>"; };
/* End PBXFileReference section */

/* Begin PBXFrameworksBuildPhase section */
		424DB42027C3AF8A002BDDE7 /* Frameworks */ = {
			isa = PBXFrameworksBuildPhase;
			buildActionMask = 2147483647;
			files = (
				4214C27D27C651B7009F4001 /* Apollo in Frameworks */,
				4214C27F27C651B7009F4001 /* ApolloWebSocket in Frameworks */,
			);
			runOnlyForDeploymentPostprocessing = 0;
		};
		424DB43027C3AF8C002BDDE7 /* Frameworks */ = {
			isa = PBXFrameworksBuildPhase;
			buildActionMask = 2147483647;
			files = (
			);
			runOnlyForDeploymentPostprocessing = 0;
		};
		424DB43A27C3AF8C002BDDE7 /* Frameworks */ = {
			isa = PBXFrameworksBuildPhase;
			buildActionMask = 2147483647;
			files = (
			);
			runOnlyForDeploymentPostprocessing = 0;
		};
/* End PBXFrameworksBuildPhase section */

/* Begin PBXGroup section */
		424DB41A27C3AF8A002BDDE7 = {
			isa = PBXGroup;
			children = (
				424DB42527C3AF8A002BDDE7 /* WeatherAPP */,
				4214C27127C6512C009F4001 /* README.md */,
				424DB43627C3AF8C002BDDE7 /* WeatherAPPTests */,
				424DB44027C3AF8C002BDDE7 /* WeatherAPPUITests */,
				424DB42427C3AF8A002BDDE7 /* Products */,
			);
			sourceTree = "<group>";
		};
		424DB42427C3AF8A002BDDE7 /* Products */ = {
			isa = PBXGroup;
			children = (
				424DB42327C3AF8A002BDDE7 /* WeatherAPP.app */,
				424DB43327C3AF8C002BDDE7 /* WeatherAPPTests.xctest */,
				424DB43D27C3AF8C002BDDE7 /* WeatherAPPUITests.xctest */,
			);
			name = Products;
			sourceTree = "<group>";
		};
		424DB42527C3AF8A002BDDE7 /* WeatherAPP */ = {
			isa = PBXGroup;
			children = (
				4287A73E27C65D720098B55E /* Networking */,
				42540BC527C50EA700E4CC5A /* AppDelegate */,
				42540BC427C50E9500E4CC5A /* Features */,
				424DB42A27C3AF8B002BDDE7 /* Assets.xcassets */,
				42321A3327C6591B00B1B6E7 /* Weather.graphql */,
				4287A73C27C65D0E0098B55E /* API.swift */,
				42321A3027C6573A00B1B6E7 /* schema.json */,
				424DB42C27C3AF8B002BDDE7 /* Preview Content */,
			);
			path = WeatherAPP;
			sourceTree = "<group>";
		};
		424DB42C27C3AF8B002BDDE7 /* Preview Content */ = {
			isa = PBXGroup;
			children = (
				424DB42D27C3AF8B002BDDE7 /* Preview Assets.xcassets */,
			);
			path = "Preview Content";
			sourceTree = "<group>";
		};
		424DB43627C3AF8C002BDDE7 /* WeatherAPPTests */ = {
			isa = PBXGroup;
			children = (
				424DB43727C3AF8C002BDDE7 /* WeatherAPPTests.swift */,
			);
			path = WeatherAPPTests;
			sourceTree = "<group>";
		};
		424DB44027C3AF8C002BDDE7 /* WeatherAPPUITests */ = {
			isa = PBXGroup;
			children = (
				424DB44127C3AF8C002BDDE7 /* WeatherAPPUITests.swift */,
				424DB44327C3AF8C002BDDE7 /* WeatherAPPUITestsLaunchTests.swift */,
			);
			path = WeatherAPPUITests;
			sourceTree = "<group>";
		};
		42540BC427C50E9500E4CC5A /* Features */ = {
			isa = PBXGroup;
			children = (
				42540BC627C50EF500E4CC5A /* Weather */,
			);
			path = Features;
			sourceTree = "<group>";
		};
		42540BC527C50EA700E4CC5A /* AppDelegate */ = {
			isa = PBXGroup;
			children = (
				424DB42627C3AF8A002BDDE7 /* WeatherAPPApp.swift */,
			);
			path = AppDelegate;
			sourceTree = "<group>";
		};
		42540BC627C50EF500E4CC5A /* Weather */ = {
			isa = PBXGroup;
			children = (
				4287A74127C671CE0098B55E /* Models */,
				42540BC827C50F0A00E4CC5A /* ViewModel */,
				42540BC727C50EFF00E4CC5A /* View */,
			);
			path = Weather;
			sourceTree = "<group>";
		};
		42540BC727C50EFF00E4CC5A /* View */ = {
			isa = PBXGroup;
			children = (
				424DB42827C3AF8A002BDDE7 /* WeatherView.swift */,
			);
			path = View;
			sourceTree = "<group>";
		};
		42540BC827C50F0A00E4CC5A /* ViewModel */ = {
			isa = PBXGroup;
			children = (
				42540BBF27C5060B00E4CC5A /* LocationViewModel.swift */,
			);
			path = ViewModel;
			sourceTree = "<group>";
		};
		4287A73E27C65D720098B55E /* Networking */ = {
			isa = PBXGroup;
			children = (
				4287A73F27C65D9B0098B55E /* ApolloService.swift */,
			);
			path = Networking;
			sourceTree = "<group>";
		};
		4287A74127C671CE0098B55E /* Models */ = {
			isa = PBXGroup;
			children = (
				4287A74227C671EF0098B55E /* Weather.swift */,
			);
			path = Models;
			sourceTree = "<group>";
		};
/* End PBXGroup section */

/* Begin PBXNativeTarget section */
		424DB42227C3AF8A002BDDE7 /* WeatherAPP */ = {
			isa = PBXNativeTarget;
			buildConfigurationList = 424DB44727C3AF8C002BDDE7 /* Build configuration list for PBXNativeTarget "WeatherAPP" */;
			buildPhases = (
				424DB41F27C3AF8A002BDDE7 /* Sources */,
				4214C28027C653A6009F4001 /* Apollo */,
				424DB42027C3AF8A002BDDE7 /* Frameworks */,
				424DB42127C3AF8A002BDDE7 /* Resources */,
				424DB45027C3B2A6002BDDE7 /* ShellScript */,
			);
			buildRules = (
			);
			dependencies = (
			);
			name = WeatherAPP;
			packageProductDependencies = (
				4214C27C27C651B7009F4001 /* Apollo */,
				4214C27E27C651B7009F4001 /* ApolloWebSocket */,
			);
			productName = WeatherAPP;
			productReference = 424DB42327C3AF8A002BDDE7 /* WeatherAPP.app */;
			productType = "com.apple.product-type.application";
		};
		424DB43227C3AF8C002BDDE7 /* WeatherAPPTests */ = {
			isa = PBXNativeTarget;
			buildConfigurationList = 424DB44A27C3AF8C002BDDE7 /* Build configuration list for PBXNativeTarget "WeatherAPPTests" */;
			buildPhases = (
				424DB42F27C3AF8C002BDDE7 /* Sources */,
				424DB43027C3AF8C002BDDE7 /* Frameworks */,
				424DB43127C3AF8C002BDDE7 /* Resources */,
			);
			buildRules = (
			);
			dependencies = (
				424DB43527C3AF8C002BDDE7 /* PBXTargetDependency */,
			);
			name = WeatherAPPTests;
			productName = WeatherAPPTests;
			productReference = 424DB43327C3AF8C002BDDE7 /* WeatherAPPTests.xctest */;
			productType = "com.apple.product-type.bundle.unit-test";
		};
		424DB43C27C3AF8C002BDDE7 /* WeatherAPPUITests */ = {
			isa = PBXNativeTarget;
			buildConfigurationList = 424DB44D27C3AF8C002BDDE7 /* Build configuration list for PBXNativeTarget "WeatherAPPUITests" */;
			buildPhases = (
				424DB43927C3AF8C002BDDE7 /* Sources */,
				424DB43A27C3AF8C002BDDE7 /* Frameworks */,
				424DB43B27C3AF8C002BDDE7 /* Resources */,
			);
			buildRules = (
			);
			dependencies = (
				424DB43F27C3AF8C002BDDE7 /* PBXTargetDependency */,
			);
			name = WeatherAPPUITests;
			productName = WeatherAPPUITests;
			productReference = 424DB43D27C3AF8C002BDDE7 /* WeatherAPPUITests.xctest */;
			productType = "com.apple.product-type.bundle.ui-testing";
		};
/* End PBXNativeTarget section */

/* Begin PBXProject section */
		424DB41B27C3AF8A002BDDE7 /* Project object */ = {
			isa = PBXProject;
			attributes = {
				BuildIndependentTargetsInParallel = 1;
				LastSwiftUpdateCheck = 1320;
				LastUpgradeCheck = 1320;
				TargetAttributes = {
					424DB42227C3AF8A002BDDE7 = {
						CreatedOnToolsVersion = 13.2.1;
					};
					424DB43227C3AF8C002BDDE7 = {
						CreatedOnToolsVersion = 13.2.1;
						TestTargetID = 424DB42227C3AF8A002BDDE7;
					};
					424DB43C27C3AF8C002BDDE7 = {
						CreatedOnToolsVersion = 13.2.1;
						TestTargetID = 424DB42227C3AF8A002BDDE7;
					};
				};
			};
			buildConfigurationList = 424DB41E27C3AF8A002BDDE7 /* Build configuration list for PBXProject "WeatherAPP" */;
			compatibilityVersion = "Xcode 13.0";
			developmentRegion = en;
			hasScannedForEncodings = 0;
			knownRegions = (
				en,
				Base,
			);
			mainGroup = 424DB41A27C3AF8A002BDDE7;
			packageReferences = (
				4214C27B27C651B7009F4001 /* XCRemoteSwiftPackageReference "apollo-ios" */,
			);
			productRefGroup = 424DB42427C3AF8A002BDDE7 /* Products */;
			projectDirPath = "";
			projectRoot = "";
			targets = (
				424DB42227C3AF8A002BDDE7 /* WeatherAPP */,
				424DB43227C3AF8C002BDDE7 /* WeatherAPPTests */,
				424DB43C27C3AF8C002BDDE7 /* WeatherAPPUITests */,
			);
		};
/* End PBXProject section */

/* Begin PBXResourcesBuildPhase section */
		424DB42127C3AF8A002BDDE7 /* Resources */ = {
			isa = PBXResourcesBuildPhase;
			buildActionMask = 2147483647;
			files = (
				42321A3127C6573A00B1B6E7 /* schema.json in Resources */,
				4214C27727C6512C009F4001 /* README.md in Resources */,
				424DB42E27C3AF8B002BDDE7 /* Preview Assets.xcassets in Resources */,
				424DB42B27C3AF8B002BDDE7 /* Assets.xcassets in Resources */,
			);
			runOnlyForDeploymentPostprocessing = 0;
		};
		424DB43127C3AF8C002BDDE7 /* Resources */ = {
			isa = PBXResourcesBuildPhase;
			buildActionMask = 2147483647;
			files = (
			);
			runOnlyForDeploymentPostprocessing = 0;
		};
		424DB43B27C3AF8C002BDDE7 /* Resources */ = {
			isa = PBXResourcesBuildPhase;
			buildActionMask = 2147483647;
			files = (
			);
			runOnlyForDeploymentPostprocessing = 0;
		};
/* End PBXResourcesBuildPhase section */

/* Begin PBXShellScriptBuildPhase section */
		4214C28027C653A6009F4001 /* Apollo */ = {
			isa = PBXShellScriptBuildPhase;
			buildActionMask = 2147483647;
			files = (
			);
			inputFileListPaths = (
			);
			inputPaths = (
			);
			name = Apollo;
			outputFileListPaths = (
			);
			outputPaths = (
			);
			runOnlyForDeploymentPostprocessing = 0;
			shellPath = /bin/sh;
			shellScript = "# Don't run this during index builds\nif [ $ACTION = \"indexbuild\" ]; then exit 0; fi\n\n# Go to the build root and search up the chain to find the Derived Data Path where the source packages are checked out.\nDERIVED_DATA_CANDIDATE=\"${BUILD_ROOT}\"\n\nwhile ! [ -d \"${DERIVED_DATA_CANDIDATE}/SourcePackages\" ]; do\n  if [ \"${DERIVED_DATA_CANDIDATE}\" = / ]; then\n    echo >&2 \"error: Unable to locate SourcePackages directory from BUILD_ROOT: '${BUILD_ROOT}'\"\n    exit 1\n  fi\n\n  DERIVED_DATA_CANDIDATE=\"$(dirname \"${DERIVED_DATA_CANDIDATE}\")\"\ndone\n\n# Grab a reference to the directory where scripts are checked out\nSCRIPT_PATH=\"${DERIVED_DATA_CANDIDATE}/SourcePackages/checkouts/apollo-ios/scripts\"\n\nif [ -z \"${SCRIPT_PATH}\" ]; then\n    echo >&2 \"error: Couldn't find the CLI script in your checked out SPM packages; make sure to add the framework to your project.\"\n    exit 1\nfi\n\ncd \"${SRCROOT}/${TARGET_NAME}\"\n\"${SCRIPT_PATH}\"/run-bundled-codegen.sh codegen:generate --target=swift --includes=./**/*.graphql --localSchemaFile=\"schema.json\" API.swift\n\n\n\"${SCRIPT_PATH}\"/run-bundled-codegen.sh schema:download --endpoint=\"https://graphql-weather-api.herokuapp.com\"\n";
		};
		424DB45027C3B2A6002BDDE7 /* ShellScript */ = {
			isa = PBXShellScriptBuildPhase;
			buildActionMask = 2147483647;
			files = (
			);
			inputFileListPaths = (
			);
			inputPaths = (
			);
			outputFileListPaths = (
			);
			outputPaths = (
			);
			runOnlyForDeploymentPostprocessing = 0;
			shellPath = /bin/sh;
			shellScript = "cd BuildTools\nSDKROOT=(xcrun --sdk macosx --show-sdk-path)\n#swift package update #Uncomment this line temporarily to update the version used to the latest matching your BuildTools/Package.swift file\nswift run -c release swiftformat \"$SRCROOT\"\n";
		};
/* End PBXShellScriptBuildPhase section */

/* Begin PBXSourcesBuildPhase section */
		424DB41F27C3AF8A002BDDE7 /* Sources */ = {
			isa = PBXSourcesBuildPhase;
			buildActionMask = 2147483647;
			files = (
				424DB42927C3AF8A002BDDE7 /* WeatherView.swift in Sources */,
				42540BC027C5060B00E4CC5A /* LocationViewModel.swift in Sources */,
				4287A73D27C65D0E0098B55E /* API.swift in Sources */,
				424DB42727C3AF8A002BDDE7 /* WeatherAPPApp.swift in Sources */,
				4287A74327C671EF0098B55E /* Weather.swift in Sources */,
				4287A74027C65D9B0098B55E /* ApolloService.swift in Sources */,
			);
			runOnlyForDeploymentPostprocessing = 0;
		};
		424DB42F27C3AF8C002BDDE7 /* Sources */ = {
			isa = PBXSourcesBuildPhase;
			buildActionMask = 2147483647;
			files = (
				424DB43827C3AF8C002BDDE7 /* WeatherAPPTests.swift in Sources */,
			);
			runOnlyForDeploymentPostprocessing = 0;
		};
		424DB43927C3AF8C002BDDE7 /* Sources */ = {
			isa = PBXSourcesBuildPhase;
			buildActionMask = 2147483647;
			files = (
				424DB44227C3AF8C002BDDE7 /* WeatherAPPUITests.swift in Sources */,
				424DB44427C3AF8C002BDDE7 /* WeatherAPPUITestsLaunchTests.swift in Sources */,
			);
			runOnlyForDeploymentPostprocessing = 0;
		};
/* End PBXSourcesBuildPhase section */

/* Begin PBXTargetDependency section */
		424DB43527C3AF8C002BDDE7 /* PBXTargetDependency */ = {
			isa = PBXTargetDependency;
			target = 424DB42227C3AF8A002BDDE7 /* WeatherAPP */;
			targetProxy = 424DB43427C3AF8C002BDDE7 /* PBXContainerItemProxy */;
		};
		424DB43F27C3AF8C002BDDE7 /* PBXTargetDependency */ = {
			isa = PBXTargetDependency;
			target = 424DB42227C3AF8A002BDDE7 /* WeatherAPP */;
			targetProxy = 424DB43E27C3AF8C002BDDE7 /* PBXContainerItemProxy */;
		};
/* End PBXTargetDependency section */

/* Begin XCBuildConfiguration section */
		424DB44527C3AF8C002BDDE7 /* Debug */ = {
			isa = XCBuildConfiguration;
			buildSettings = {
				ALWAYS_SEARCH_USER_PATHS = NO;
				CLANG_ANALYZER_NONNULL = YES;
				CLANG_ANALYZER_NUMBER_OBJECT_CONVERSION = YES_AGGRESSIVE;
				CLANG_CXX_LANGUAGE_STANDARD = "gnu++17";
				CLANG_CXX_LIBRARY = "libc++";
				CLANG_ENABLE_MODULES = YES;
				CLANG_ENABLE_OBJC_ARC = YES;
				CLANG_ENABLE_OBJC_WEAK = YES;
				CLANG_WARN_BLOCK_CAPTURE_AUTORELEASING = YES;
				CLANG_WARN_BOOL_CONVERSION = YES;
				CLANG_WARN_COMMA = YES;
				CLANG_WARN_CONSTANT_CONVERSION = YES;
				CLANG_WARN_DEPRECATED_OBJC_IMPLEMENTATIONS = YES;
				CLANG_WARN_DIRECT_OBJC_ISA_USAGE = YES_ERROR;
				CLANG_WARN_DOCUMENTATION_COMMENTS = YES;
				CLANG_WARN_EMPTY_BODY = YES;
				CLANG_WARN_ENUM_CONVERSION = YES;
				CLANG_WARN_INFINITE_RECURSION = YES;
				CLANG_WARN_INT_CONVERSION = YES;
				CLANG_WARN_NON_LITERAL_NULL_CONVERSION = YES;
				CLANG_WARN_OBJC_IMPLICIT_RETAIN_SELF = YES;
				CLANG_WARN_OBJC_LITERAL_CONVERSION = YES;
				CLANG_WARN_OBJC_ROOT_CLASS = YES_ERROR;
				CLANG_WARN_QUOTED_INCLUDE_IN_FRAMEWORK_HEADER = YES;
				CLANG_WARN_RANGE_LOOP_ANALYSIS = YES;
				CLANG_WARN_STRICT_PROTOTYPES = YES;
				CLANG_WARN_SUSPICIOUS_MOVE = YES;
				CLANG_WARN_UNGUARDED_AVAILABILITY = YES_AGGRESSIVE;
				CLANG_WARN_UNREACHABLE_CODE = YES;
				CLANG_WARN__DUPLICATE_METHOD_MATCH = YES;
				COPY_PHASE_STRIP = NO;
				DEBUG_INFORMATION_FORMAT = dwarf;
				ENABLE_STRICT_OBJC_MSGSEND = YES;
				ENABLE_TESTABILITY = YES;
				GCC_C_LANGUAGE_STANDARD = gnu11;
				GCC_DYNAMIC_NO_PIC = NO;
				GCC_NO_COMMON_BLOCKS = YES;
				GCC_OPTIMIZATION_LEVEL = 0;
				GCC_PREPROCESSOR_DEFINITIONS = (
					"DEBUG=1",
					"$(inherited)",
				);
				GCC_WARN_64_TO_32_BIT_CONVERSION = YES;
				GCC_WARN_ABOUT_RETURN_TYPE = YES_ERROR;
				GCC_WARN_UNDECLARED_SELECTOR = YES;
				GCC_WARN_UNINITIALIZED_AUTOS = YES_AGGRESSIVE;
				GCC_WARN_UNUSED_FUNCTION = YES;
				GCC_WARN_UNUSED_VARIABLE = YES;
				IPHONEOS_DEPLOYMENT_TARGET = 15.2;
				MTL_ENABLE_DEBUG_INFO = INCLUDE_SOURCE;
				MTL_FAST_MATH = YES;
				ONLY_ACTIVE_ARCH = YES;
				SDKROOT = iphoneos;
				SWIFT_ACTIVE_COMPILATION_CONDITIONS = DEBUG;
				SWIFT_OPTIMIZATION_LEVEL = "-Onone";
			};
			name = Debug;
		};
		424DB44627C3AF8C002BDDE7 /* Release */ = {
			isa = XCBuildConfiguration;
			buildSettings = {
				ALWAYS_SEARCH_USER_PATHS = NO;
				CLANG_ANALYZER_NONNULL = YES;
				CLANG_ANALYZER_NUMBER_OBJECT_CONVERSION = YES_AGGRESSIVE;
				CLANG_CXX_LANGUAGE_STANDARD = "gnu++17";
				CLANG_CXX_LIBRARY = "libc++";
				CLANG_ENABLE_MODULES = YES;
				CLANG_ENABLE_OBJC_ARC = YES;
				CLANG_ENABLE_OBJC_WEAK = YES;
				CLANG_WARN_BLOCK_CAPTURE_AUTORELEASING = YES;
				CLANG_WARN_BOOL_CONVERSION = YES;
				CLANG_WARN_COMMA = YES;
				CLANG_WARN_CONSTANT_CONVERSION = YES;
				CLANG_WARN_DEPRECATED_OBJC_IMPLEMENTATIONS = YES;
				CLANG_WARN_DIRECT_OBJC_ISA_USAGE = YES_ERROR;
				CLANG_WARN_DOCUMENTATION_COMMENTS = YES;
				CLANG_WARN_EMPTY_BODY = YES;
				CLANG_WARN_ENUM_CONVERSION = YES;
				CLANG_WARN_INFINITE_RECURSION = YES;
				CLANG_WARN_INT_CONVERSION = YES;
				CLANG_WARN_NON_LITERAL_NULL_CONVERSION = YES;
				CLANG_WARN_OBJC_IMPLICIT_RETAIN_SELF = YES;
				CLANG_WARN_OBJC_LITERAL_CONVERSION = YES;
				CLANG_WARN_OBJC_ROOT_CLASS = YES_ERROR;
				CLANG_WARN_QUOTED_INCLUDE_IN_FRAMEWORK_HEADER = YES;
				CLANG_WARN_RANGE_LOOP_ANALYSIS = YES;
				CLANG_WARN_STRICT_PROTOTYPES = YES;
				CLANG_WARN_SUSPICIOUS_MOVE = YES;
				CLANG_WARN_UNGUARDED_AVAILABILITY = YES_AGGRESSIVE;
				CLANG_WARN_UNREACHABLE_CODE = YES;
				CLANG_WARN__DUPLICATE_METHOD_MATCH = YES;
				COPY_PHASE_STRIP = NO;
				DEBUG_INFORMATION_FORMAT = "dwarf-with-dsym";
				ENABLE_NS_ASSERTIONS = NO;
				ENABLE_STRICT_OBJC_MSGSEND = YES;
				GCC_C_LANGUAGE_STANDARD = gnu11;
				GCC_NO_COMMON_BLOCKS = YES;
				GCC_WARN_64_TO_32_BIT_CONVERSION = YES;
				GCC_WARN_ABOUT_RETURN_TYPE = YES_ERROR;
				GCC_WARN_UNDECLARED_SELECTOR = YES;
				GCC_WARN_UNINITIALIZED_AUTOS = YES_AGGRESSIVE;
				GCC_WARN_UNUSED_FUNCTION = YES;
				GCC_WARN_UNUSED_VARIABLE = YES;
				IPHONEOS_DEPLOYMENT_TARGET = 15.2;
				MTL_ENABLE_DEBUG_INFO = NO;
				MTL_FAST_MATH = YES;
				SDKROOT = iphoneos;
				SWIFT_COMPILATION_MODE = wholemodule;
				SWIFT_OPTIMIZATION_LEVEL = "-O";
				VALIDATE_PRODUCT = YES;
			};
			name = Release;
		};
		424DB44827C3AF8C002BDDE7 /* Debug */ = {
			isa = XCBuildConfiguration;
			buildSettings = {
				ASSETCATALOG_COMPILER_APPICON_NAME = AppIcon;
				ASSETCATALOG_COMPILER_GLOBAL_ACCENT_COLOR_NAME = AccentColor;
				CODE_SIGN_STYLE = Automatic;
				CURRENT_PROJECT_VERSION = 1;
				DEVELOPMENT_ASSET_PATHS = "\"WeatherAPP/Preview Content\"";
				ENABLE_PREVIEWS = YES;
				GENERATE_INFOPLIST_FILE = YES;
				INFOPLIST_KEY_NSLocationAlwaysAndWhenInUseUsageDescription = "The app uses your location to determine the weather.";
				INFOPLIST_KEY_NSLocationWhenInUseUsageDescription = "The app uses your location to determine the weather.";
				INFOPLIST_KEY_UIApplicationSceneManifest_Generation = YES;
				INFOPLIST_KEY_UIApplicationSupportsIndirectInputEvents = YES;
				INFOPLIST_KEY_UILaunchScreen_Generation = YES;
				INFOPLIST_KEY_UISupportedInterfaceOrientations_iPad = "UIInterfaceOrientationPortrait UIInterfaceOrientationPortraitUpsideDown UIInterfaceOrientationLandscapeLeft UIInterfaceOrientationLandscapeRight";
				INFOPLIST_KEY_UISupportedInterfaceOrientations_iPhone = "UIInterfaceOrientationPortrait UIInterfaceOrientationLandscapeLeft UIInterfaceOrientationLandscapeRight";
				LD_RUNPATH_SEARCH_PATHS = (
					"$(inherited)",
					"@executable_path/Frameworks",
				);
				MARKETING_VERSION = 1.0;
				PRODUCT_BUNDLE_IDENTIFIER = "Agile-Freaks.WeatherAPP";
				PRODUCT_NAME = "$(TARGET_NAME)";
				SWIFT_EMIT_LOC_STRINGS = YES;
				SWIFT_VERSION = 5.0;
				TARGETED_DEVICE_FAMILY = "1,2";
			};
			name = Debug;
		};
		424DB44927C3AF8C002BDDE7 /* Release */ = {
			isa = XCBuildConfiguration;
			buildSettings = {
				ASSETCATALOG_COMPILER_APPICON_NAME = AppIcon;
				ASSETCATALOG_COMPILER_GLOBAL_ACCENT_COLOR_NAME = AccentColor;
				CODE_SIGN_STYLE = Automatic;
				CURRENT_PROJECT_VERSION = 1;
				DEVELOPMENT_ASSET_PATHS = "\"WeatherAPP/Preview Content\"";
				ENABLE_PREVIEWS = YES;
				GENERATE_INFOPLIST_FILE = YES;
				INFOPLIST_KEY_NSLocationAlwaysAndWhenInUseUsageDescription = "The app uses your location to determine the weather.";
				INFOPLIST_KEY_NSLocationWhenInUseUsageDescription = "The app uses your location to determine the weather.";
				INFOPLIST_KEY_UIApplicationSceneManifest_Generation = YES;
				INFOPLIST_KEY_UIApplicationSupportsIndirectInputEvents = YES;
				INFOPLIST_KEY_UILaunchScreen_Generation = YES;
				INFOPLIST_KEY_UISupportedInterfaceOrientations_iPad = "UIInterfaceOrientationPortrait UIInterfaceOrientationPortraitUpsideDown UIInterfaceOrientationLandscapeLeft UIInterfaceOrientationLandscapeRight";
				INFOPLIST_KEY_UISupportedInterfaceOrientations_iPhone = "UIInterfaceOrientationPortrait UIInterfaceOrientationLandscapeLeft UIInterfaceOrientationLandscapeRight";
				LD_RUNPATH_SEARCH_PATHS = (
					"$(inherited)",
					"@executable_path/Frameworks",
				);
				MARKETING_VERSION = 1.0;
				PRODUCT_BUNDLE_IDENTIFIER = "Agile-Freaks.WeatherAPP";
				PRODUCT_NAME = "$(TARGET_NAME)";
				SWIFT_EMIT_LOC_STRINGS = YES;
				SWIFT_VERSION = 5.0;
				TARGETED_DEVICE_FAMILY = "1,2";
			};
			name = Release;
		};
		424DB44B27C3AF8C002BDDE7 /* Debug */ = {
			isa = XCBuildConfiguration;
			buildSettings = {
				ALWAYS_EMBED_SWIFT_STANDARD_LIBRARIES = YES;
				BUNDLE_LOADER = "$(TEST_HOST)";
				CODE_SIGN_STYLE = Automatic;
				CURRENT_PROJECT_VERSION = 1;
				GENERATE_INFOPLIST_FILE = YES;
				IPHONEOS_DEPLOYMENT_TARGET = 15.2;
				MARKETING_VERSION = 1.0;
				PRODUCT_BUNDLE_IDENTIFIER = "Agile-Freaks.WeatherAPPTests";
				PRODUCT_NAME = "$(TARGET_NAME)";
				SWIFT_EMIT_LOC_STRINGS = NO;
				SWIFT_VERSION = 5.0;
				TARGETED_DEVICE_FAMILY = "1,2";
				TEST_HOST = "$(BUILT_PRODUCTS_DIR)/WeatherAPP.app/WeatherAPP";
			};
			name = Debug;
		};
		424DB44C27C3AF8C002BDDE7 /* Release */ = {
			isa = XCBuildConfiguration;
			buildSettings = {
				ALWAYS_EMBED_SWIFT_STANDARD_LIBRARIES = YES;
				BUNDLE_LOADER = "$(TEST_HOST)";
				CODE_SIGN_STYLE = Automatic;
				CURRENT_PROJECT_VERSION = 1;
				GENERATE_INFOPLIST_FILE = YES;
				IPHONEOS_DEPLOYMENT_TARGET = 15.2;
				MARKETING_VERSION = 1.0;
				PRODUCT_BUNDLE_IDENTIFIER = "Agile-Freaks.WeatherAPPTests";
				PRODUCT_NAME = "$(TARGET_NAME)";
				SWIFT_EMIT_LOC_STRINGS = NO;
				SWIFT_VERSION = 5.0;
				TARGETED_DEVICE_FAMILY = "1,2";
				TEST_HOST = "$(BUILT_PRODUCTS_DIR)/WeatherAPP.app/WeatherAPP";
			};
			name = Release;
		};
		424DB44E27C3AF8C002BDDE7 /* Debug */ = {
			isa = XCBuildConfiguration;
			buildSettings = {
				ALWAYS_EMBED_SWIFT_STANDARD_LIBRARIES = YES;
				CODE_SIGN_STYLE = Automatic;
				CURRENT_PROJECT_VERSION = 1;
				GENERATE_INFOPLIST_FILE = YES;
				MARKETING_VERSION = 1.0;
				PRODUCT_BUNDLE_IDENTIFIER = "Agile-Freaks.WeatherAPPUITests";
				PRODUCT_NAME = "$(TARGET_NAME)";
				SWIFT_EMIT_LOC_STRINGS = NO;
				SWIFT_VERSION = 5.0;
				TARGETED_DEVICE_FAMILY = "1,2";
				TEST_TARGET_NAME = WeatherAPP;
			};
			name = Debug;
		};
		424DB44F27C3AF8C002BDDE7 /* Release */ = {
			isa = XCBuildConfiguration;
			buildSettings = {
				ALWAYS_EMBED_SWIFT_STANDARD_LIBRARIES = YES;
				CODE_SIGN_STYLE = Automatic;
				CURRENT_PROJECT_VERSION = 1;
				GENERATE_INFOPLIST_FILE = YES;
				MARKETING_VERSION = 1.0;
				PRODUCT_BUNDLE_IDENTIFIER = "Agile-Freaks.WeatherAPPUITests";
				PRODUCT_NAME = "$(TARGET_NAME)";
				SWIFT_EMIT_LOC_STRINGS = NO;
				SWIFT_VERSION = 5.0;
				TARGETED_DEVICE_FAMILY = "1,2";
				TEST_TARGET_NAME = WeatherAPP;
			};
			name = Release;
		};
/* End XCBuildConfiguration section */

/* Begin XCConfigurationList section */
		424DB41E27C3AF8A002BDDE7 /* Build configuration list for PBXProject "WeatherAPP" */ = {
			isa = XCConfigurationList;
			buildConfigurations = (
				424DB44527C3AF8C002BDDE7 /* Debug */,
				424DB44627C3AF8C002BDDE7 /* Release */,
			);
			defaultConfigurationIsVisible = 0;
			defaultConfigurationName = Release;
		};
		424DB44727C3AF8C002BDDE7 /* Build configuration list for PBXNativeTarget "WeatherAPP" */ = {
			isa = XCConfigurationList;
			buildConfigurations = (
				424DB44827C3AF8C002BDDE7 /* Debug */,
				424DB44927C3AF8C002BDDE7 /* Release */,
			);
			defaultConfigurationIsVisible = 0;
			defaultConfigurationName = Release;
		};
		424DB44A27C3AF8C002BDDE7 /* Build configuration list for PBXNativeTarget "WeatherAPPTests" */ = {
			isa = XCConfigurationList;
			buildConfigurations = (
				424DB44B27C3AF8C002BDDE7 /* Debug */,
				424DB44C27C3AF8C002BDDE7 /* Release */,
			);
			defaultConfigurationIsVisible = 0;
			defaultConfigurationName = Release;
		};
		424DB44D27C3AF8C002BDDE7 /* Build configuration list for PBXNativeTarget "WeatherAPPUITests" */ = {
			isa = XCConfigurationList;
			buildConfigurations = (
				424DB44E27C3AF8C002BDDE7 /* Debug */,
				424DB44F27C3AF8C002BDDE7 /* Release */,
			);
			defaultConfigurationIsVisible = 0;
			defaultConfigurationName = Release;
		};
/* End XCConfigurationList section */

/* Begin XCRemoteSwiftPackageReference section */
		4214C27B27C651B7009F4001 /* XCRemoteSwiftPackageReference "apollo-ios" */ = {
			isa = XCRemoteSwiftPackageReference;
			repositoryURL = "https://github.com/apollographql/apollo-ios";
			requirement = {
				branch = main;
				kind = branch;
			};
		};
/* End XCRemoteSwiftPackageReference section */

/* Begin XCSwiftPackageProductDependency section */
		4214C27C27C651B7009F4001 /* Apollo */ = {
			isa = XCSwiftPackageProductDependency;
			package = 4214C27B27C651B7009F4001 /* XCRemoteSwiftPackageReference "apollo-ios" */;
			productName = Apollo;
		};
		4214C27E27C651B7009F4001 /* ApolloWebSocket */ = {
			isa = XCSwiftPackageProductDependency;
			package = 4214C27B27C651B7009F4001 /* XCRemoteSwiftPackageReference "apollo-ios" */;
			productName = ApolloWebSocket;
		};
/* End XCSwiftPackageProductDependency section */
	};
	rootObject = 424DB41B27C3AF8A002BDDE7 /* Project object */;
}
